// !$*UTF8*$!
{
	archiveVersion = 1;
	classes = {
	};
	objectVersion = 46;
	objects = {

/* Begin PBXBuildFile section */
		1E02F4731CD181A200C4B742 /* Main.storyboard in Resources */ = {isa = PBXBuildFile; fileRef = 1E02F4721CD181A200C4B742 /* Main.storyboard */; };
		1E214C401CD17DA0009853AA /* Eureka.framework in Frameworks */ = {isa = PBXBuildFile; fileRef = 1E214C3F1CD17DA0009853AA /* Eureka.framework */; };
		1E35BEA11CD172BE00D2290C /* SwiftForms.framework in Frameworks */ = {isa = PBXBuildFile; fileRef = 1E35BEA01CD172BE00D2290C /* SwiftForms.framework */; };
		1E35BEA71CD1731300D2290C /* IMG_1654.png in Resources */ = {isa = PBXBuildFile; fileRef = 1E35BEA21CD1731300D2290C /* IMG_1654.png */; };
		1E35BEA81CD1731300D2290C /* RobotoSlab-Thin.ttf in Resources */ = {isa = PBXBuildFile; fileRef = 1E35BEA31CD1731300D2290C /* RobotoSlab-Thin.ttf */; };
		1E35BEA91CD1731300D2290C /* RobotoSlab-Light.ttf in Resources */ = {isa = PBXBuildFile; fileRef = 1E35BEA41CD1731300D2290C /* RobotoSlab-Light.ttf */; };
		1E35BEAA1CD1731300D2290C /* RobotoSlab-Bold.ttf in Resources */ = {isa = PBXBuildFile; fileRef = 1E35BEA51CD1731300D2290C /* RobotoSlab-Bold.ttf */; };
		1E35BEAB1CD1731300D2290C /* RobotoSlab-Regular.ttf in Resources */ = {isa = PBXBuildFile; fileRef = 1E35BEA61CD1731300D2290C /* RobotoSlab-Regular.ttf */; };
		1E35BEB31CD1737700D2290C /* TicketModel.swift in Sources */ = {isa = PBXBuildFile; fileRef = 1E35BEAC1CD1737700D2290C /* TicketModel.swift */; };
		1E35BEB41CD1737700D2290C /* AppDelegate.swift in Sources */ = {isa = PBXBuildFile; fileRef = 1E35BEAD1CD1737700D2290C /* AppDelegate.swift */; };
		1E35BEB51CD1737700D2290C /* ViewController.swift in Sources */ = {isa = PBXBuildFile; fileRef = 1E35BEAE1CD1737700D2290C /* ViewController.swift */; };
		1E35BEB61CD1737700D2290C /* ViewControllerHome.swift in Sources */ = {isa = PBXBuildFile; fileRef = 1E35BEAF1CD1737700D2290C /* ViewControllerHome.swift */; };
		1E35BEC01CD1767000D2290C /* ViewControllerForm.swift in Sources */ = {isa = PBXBuildFile; fileRef = 1E35BEBF1CD1767000D2290C /* ViewControllerForm.swift */; };
		1E433F801CD2270D008D2A9E /* ViewControllerFormM.swift in Sources */ = {isa = PBXBuildFile; fileRef = 1E433F7F1CD2270D008D2A9E /* ViewControllerFormM.swift */; };
		1E52BB391CD7ECEA00C1959D /* ViewControllerExpense.swift in Sources */ = {isa = PBXBuildFile; fileRef = 1E52BB381CD7ECEA00C1959D /* ViewControllerExpense.swift */; };
		1E99DA3A1CD16DCC0027262E /* Assets.xcassets in Resources */ = {isa = PBXBuildFile; fileRef = 1E99DA391CD16DCC0027262E /* Assets.xcassets */; };
		1E99DA3D1CD16DCC0027262E /* LaunchScreen.storyboard in Resources */ = {isa = PBXBuildFile; fileRef = 1E99DA3B1CD16DCC0027262E /* LaunchScreen.storyboard */; };
		1E99DA481CD16DCC0027262E /* Luis_TruckingTests.swift in Sources */ = {isa = PBXBuildFile; fileRef = 1E99DA471CD16DCC0027262E /* Luis_TruckingTests.swift */; };
		1E99DA531CD16DCC0027262E /* Luis_TruckingUITests.swift in Sources */ = {isa = PBXBuildFile; fileRef = 1E99DA521CD16DCC0027262E /* Luis_TruckingUITests.swift */; };
		1EF3F18A1CD3FAC200DC82FD /* ViewControllerTicketSubmit.swift in Sources */ = {isa = PBXBuildFile; fileRef = 1EF3F1891CD3FAC200DC82FD /* ViewControllerTicketSubmit.swift */; };
		1EF3F18C1CD41D8900DC82FD /* DataPull.swift in Sources */ = {isa = PBXBuildFile; fileRef = 1EF3F18B1CD41D8900DC82FD /* DataPull.swift */; };
		F4D6903CDECBF478BBB1CD82 /* Pods.framework in Frameworks */ = {isa = PBXBuildFile; fileRef = 6252E68205D3668AEDA7CDEC /* Pods.framework */; };
/* End PBXBuildFile section */

/* Begin PBXContainerItemProxy section */
		1E99DA441CD16DCC0027262E /* PBXContainerItemProxy */ = {
			isa = PBXContainerItemProxy;
			containerPortal = 1E99DA271CD16DCC0027262E /* Project object */;
			proxyType = 1;
			remoteGlobalIDString = 1E99DA2E1CD16DCC0027262E;
			remoteInfo = "Luis Trucking";
		};
		1E99DA4F1CD16DCC0027262E /* PBXContainerItemProxy */ = {
			isa = PBXContainerItemProxy;
			containerPortal = 1E99DA271CD16DCC0027262E /* Project object */;
			proxyType = 1;
			remoteGlobalIDString = 1E99DA2E1CD16DCC0027262E;
			remoteInfo = "Luis Trucking";
		};
/* End PBXContainerItemProxy section */

/* Begin PBXFileReference section */
		042A96052C6F8ADEF67C4325 /* Pods.debug.xcconfig */ = {isa = PBXFileReference; includeInIndex = 1; lastKnownFileType = text.xcconfig; name = Pods.debug.xcconfig; path = "Pods/Target Support Files/Pods/Pods.debug.xcconfig"; sourceTree = "<group>"; };
		1E02F4721CD181A200C4B742 /* Main.storyboard */ = {isa = PBXFileReference; fileEncoding = 4; lastKnownFileType = file.storyboard; path = Main.storyboard; sourceTree = "<group>"; };
		1E214C3F1CD17DA0009853AA /* Eureka.framework */ = {isa = PBXFileReference; lastKnownFileType = wrapper.framework; name = Eureka.framework; path = "../../Library/Developer/Xcode/DerivedData/Luis_Trucking-fedgedipxjjxwdgsidxyoklhqoxj/Build/Products/Debug-iphonesimulator/Eureka.framework"; sourceTree = "<group>"; };
		1E35BEA01CD172BE00D2290C /* SwiftForms.framework */ = {isa = PBXFileReference; lastKnownFileType = wrapper.framework; name = SwiftForms.framework; path = "../../Library/Developer/Xcode/DerivedData/Luis_Trucking-fedgedipxjjxwdgsidxyoklhqoxj/Build/Products/Debug-iphonesimulator/SwiftForms.framework"; sourceTree = "<group>"; };
		1E35BEA21CD1731300D2290C /* IMG_1654.png */ = {isa = PBXFileReference; lastKnownFileType = image.png; name = IMG_1654.png; path = "../../../Desktop/OneDrive - Lake Elsinore Unified School District/IMG_1654.png"; sourceTree = "<group>"; };
		1E35BEA31CD1731300D2290C /* RobotoSlab-Thin.ttf */ = {isa = PBXFileReference; lastKnownFileType = file; name = "RobotoSlab-Thin.ttf"; path = "../../../Downloads/roboto-slab/RobotoSlab-Thin.ttf"; sourceTree = "<group>"; };
		1E35BEA41CD1731300D2290C /* RobotoSlab-Light.ttf */ = {isa = PBXFileReference; lastKnownFileType = file; name = "RobotoSlab-Light.ttf"; path = "../../../Downloads/roboto-slab/RobotoSlab-Light.ttf"; sourceTree = "<group>"; };
		1E35BEA51CD1731300D2290C /* RobotoSlab-Bold.ttf */ = {isa = PBXFileReference; lastKnownFileType = file; name = "RobotoSlab-Bold.ttf"; path = "../../../Downloads/roboto-slab/RobotoSlab-Bold.ttf"; sourceTree = "<group>"; };
		1E35BEA61CD1731300D2290C /* RobotoSlab-Regular.ttf */ = {isa = PBXFileReference; lastKnownFileType = file; name = "RobotoSlab-Regular.ttf"; path = "../../../Downloads/roboto-slab/RobotoSlab-Regular.ttf"; sourceTree = "<group>"; };
		1E35BEAC1CD1737700D2290C /* TicketModel.swift */ = {isa = PBXFileReference; fileEncoding = 4; lastKnownFileType = sourcecode.swift; name = TicketModel.swift; path = "../../Test App/Test App/TicketModel.swift"; sourceTree = "<group>"; };
		1E35BEAD1CD1737700D2290C /* AppDelegate.swift */ = {isa = PBXFileReference; fileEncoding = 4; lastKnownFileType = sourcecode.swift; name = AppDelegate.swift; path = "../../Test App/Test App/AppDelegate.swift"; sourceTree = "<group>"; };
		1E35BEAE1CD1737700D2290C /* ViewController.swift */ = {isa = PBXFileReference; fileEncoding = 4; lastKnownFileType = sourcecode.swift; name = ViewController.swift; path = "../../Test App/Test App/ViewController.swift"; sourceTree = "<group>"; };
		1E35BEAF1CD1737700D2290C /* ViewControllerHome.swift */ = {isa = PBXFileReference; fileEncoding = 4; lastKnownFileType = sourcecode.swift; name = ViewControllerHome.swift; path = "../../Test App/Test App/ViewControllerHome.swift"; sourceTree = "<group>"; };
		1E35BEBF1CD1767000D2290C /* ViewControllerForm.swift */ = {isa = PBXFileReference; fileEncoding = 4; lastKnownFileType = sourcecode.swift; path = ViewControllerForm.swift; sourceTree = "<group>"; };
		1E433F7F1CD2270D008D2A9E /* ViewControllerFormM.swift */ = {isa = PBXFileReference; fileEncoding = 4; lastKnownFileType = sourcecode.swift; path = ViewControllerFormM.swift; sourceTree = "<group>"; };
		1E52BB381CD7ECEA00C1959D /* ViewControllerExpense.swift */ = {isa = PBXFileReference; fileEncoding = 4; lastKnownFileType = sourcecode.swift; path = ViewControllerExpense.swift; sourceTree = "<group>"; };
		1E99DA2F1CD16DCC0027262E /* Luis Trucking.app */ = {isa = PBXFileReference; explicitFileType = wrapper.application; includeInIndex = 0; path = "Luis Trucking.app"; sourceTree = BUILT_PRODUCTS_DIR; };
		1E99DA391CD16DCC0027262E /* Assets.xcassets */ = {isa = PBXFileReference; lastKnownFileType = folder.assetcatalog; path = Assets.xcassets; sourceTree = "<group>"; };
		1E99DA3C1CD16DCC0027262E /* Base */ = {isa = PBXFileReference; lastKnownFileType = file.storyboard; name = Base; path = Base.lproj/LaunchScreen.storyboard; sourceTree = "<group>"; };
		1E99DA3E1CD16DCC0027262E /* Info.plist */ = {isa = PBXFileReference; lastKnownFileType = text.plist.xml; path = Info.plist; sourceTree = "<group>"; };
		1E99DA431CD16DCC0027262E /* Luis TruckingTests.xctest */ = {isa = PBXFileReference; explicitFileType = wrapper.cfbundle; includeInIndex = 0; path = "Luis TruckingTests.xctest"; sourceTree = BUILT_PRODUCTS_DIR; };
		1E99DA471CD16DCC0027262E /* Luis_TruckingTests.swift */ = {isa = PBXFileReference; lastKnownFileType = sourcecode.swift; path = Luis_TruckingTests.swift; sourceTree = "<group>"; };
		1E99DA491CD16DCC0027262E /* Info.plist */ = {isa = PBXFileReference; lastKnownFileType = text.plist.xml; path = Info.plist; sourceTree = "<group>"; };
		1E99DA4E1CD16DCC0027262E /* Luis TruckingUITests.xctest */ = {isa = PBXFileReference; explicitFileType = wrapper.cfbundle; includeInIndex = 0; path = "Luis TruckingUITests.xctest"; sourceTree = BUILT_PRODUCTS_DIR; };
		1E99DA521CD16DCC0027262E /* Luis_TruckingUITests.swift */ = {isa = PBXFileReference; lastKnownFileType = sourcecode.swift; path = Luis_TruckingUITests.swift; sourceTree = "<group>"; };
		1E99DA541CD16DCC0027262E /* Info.plist */ = {isa = PBXFileReference; lastKnownFileType = text.plist.xml; path = Info.plist; sourceTree = "<group>"; };
		1EF3F1891CD3FAC200DC82FD /* ViewControllerTicketSubmit.swift */ = {isa = PBXFileReference; fileEncoding = 4; lastKnownFileType = sourcecode.swift; path = ViewControllerTicketSubmit.swift; sourceTree = "<group>"; };
		1EF3F18B1CD41D8900DC82FD /* DataPull.swift */ = {isa = PBXFileReference; fileEncoding = 4; lastKnownFileType = sourcecode.swift; path = DataPull.swift; sourceTree = "<group>"; };
		6252E68205D3668AEDA7CDEC /* Pods.framework */ = {isa = PBXFileReference; explicitFileType = wrapper.framework; includeInIndex = 0; path = Pods.framework; sourceTree = BUILT_PRODUCTS_DIR; };
		A75CD4416362B08595EFDB7E /* Pods.release.xcconfig */ = {isa = PBXFileReference; includeInIndex = 1; lastKnownFileType = text.xcconfig; name = Pods.release.xcconfig; path = "Pods/Target Support Files/Pods/Pods.release.xcconfig"; sourceTree = "<group>"; };
/* End PBXFileReference section */

/* Begin PBXFrameworksBuildPhase section */
		1E99DA2C1CD16DCC0027262E /* Frameworks */ = {
			isa = PBXFrameworksBuildPhase;
			buildActionMask = 2147483647;
			files = (
				1E214C401CD17DA0009853AA /* Eureka.framework in Frameworks */,
				1E35BEA11CD172BE00D2290C /* SwiftForms.framework in Frameworks */,
				F4D6903CDECBF478BBB1CD82 /* Pods.framework in Frameworks */,
			);
			runOnlyForDeploymentPostprocessing = 0;
		};
		1E99DA401CD16DCC0027262E /* Frameworks */ = {
			isa = PBXFrameworksBuildPhase;
			buildActionMask = 2147483647;
			files = (
			);
			runOnlyForDeploymentPostprocessing = 0;
		};
		1E99DA4B1CD16DCC0027262E /* Frameworks */ = {
			isa = PBXFrameworksBuildPhase;
			buildActionMask = 2147483647;
			files = (
			);
			runOnlyForDeploymentPostprocessing = 0;
		};
/* End PBXFrameworksBuildPhase section */

/* Begin PBXGroup section */
		026095732AB596179B406405 /* Pods */ = {
			isa = PBXGroup;
			children = (
				042A96052C6F8ADEF67C4325 /* Pods.debug.xcconfig */,
				A75CD4416362B08595EFDB7E /* Pods.release.xcconfig */,
			);
			name = Pods;
			sourceTree = "<group>";
		};
		17CC299ABD5F3B3D6F967C59 /* Frameworks */ = {
			isa = PBXGroup;
			children = (
				1E214C3F1CD17DA0009853AA /* Eureka.framework */,
				1E35BEA01CD172BE00D2290C /* SwiftForms.framework */,
				6252E68205D3668AEDA7CDEC /* Pods.framework */,
			);
			name = Frameworks;
			sourceTree = "<group>";
		};
		1E99DA261CD16DCC0027262E = {
			isa = PBXGroup;
			children = (
				1E99DA311CD16DCC0027262E /* Luis Trucking */,
				1E99DA461CD16DCC0027262E /* Luis TruckingTests */,
				1E99DA511CD16DCC0027262E /* Luis TruckingUITests */,
				1E99DA301CD16DCC0027262E /* Products */,
				026095732AB596179B406405 /* Pods */,
				17CC299ABD5F3B3D6F967C59 /* Frameworks */,
			);
			sourceTree = "<group>";
		};
		1E99DA301CD16DCC0027262E /* Products */ = {
			isa = PBXGroup;
			children = (
				1E99DA2F1CD16DCC0027262E /* Luis Trucking.app */,
				1E99DA431CD16DCC0027262E /* Luis TruckingTests.xctest */,
				1E99DA4E1CD16DCC0027262E /* Luis TruckingUITests.xctest */,
			);
			name = Products;
			sourceTree = "<group>";
		};
		1E99DA311CD16DCC0027262E /* Luis Trucking */ = {
			isa = PBXGroup;
			children = (
				1E35BEAC1CD1737700D2290C /* TicketModel.swift */,
				1EF3F18B1CD41D8900DC82FD /* DataPull.swift */,
				1E35BEAD1CD1737700D2290C /* AppDelegate.swift */,
				1E35BEAE1CD1737700D2290C /* ViewController.swift */,
				1E35BEAF1CD1737700D2290C /* ViewControllerHome.swift */,
				1E433F7F1CD2270D008D2A9E /* ViewControllerFormM.swift */,
				1E35BEBF1CD1767000D2290C /* ViewControllerForm.swift */,
				1EF3F1891CD3FAC200DC82FD /* ViewControllerTicketSubmit.swift */,
				1E52BB381CD7ECEA00C1959D /* ViewControllerExpense.swift */,
				1E99DA391CD16DCC0027262E /* Assets.xcassets */,
				1E99DA3B1CD16DCC0027262E /* LaunchScreen.storyboard */,
				1E02F4721CD181A200C4B742 /* Main.storyboard */,
				1E99DA3E1CD16DCC0027262E /* Info.plist */,
				1E35BEA21CD1731300D2290C /* IMG_1654.png */,
				1E35BEA31CD1731300D2290C /* RobotoSlab-Thin.ttf */,
				1E35BEA41CD1731300D2290C /* RobotoSlab-Light.ttf */,
				1E35BEA51CD1731300D2290C /* RobotoSlab-Bold.ttf */,
				1E35BEA61CD1731300D2290C /* RobotoSlab-Regular.ttf */,
			);
			path = "Luis Trucking";
			sourceTree = "<group>";
		};
		1E99DA461CD16DCC0027262E /* Luis TruckingTests */ = {
			isa = PBXGroup;
			children = (
				1E99DA471CD16DCC0027262E /* Luis_TruckingTests.swift */,
				1E99DA491CD16DCC0027262E /* Info.plist */,
			);
			path = "Luis TruckingTests";
			sourceTree = "<group>";
		};
		1E99DA511CD16DCC0027262E /* Luis TruckingUITests */ = {
			isa = PBXGroup;
			children = (
				1E99DA521CD16DCC0027262E /* Luis_TruckingUITests.swift */,
				1E99DA541CD16DCC0027262E /* Info.plist */,
			);
			path = "Luis TruckingUITests";
			sourceTree = "<group>";
		};
/* End PBXGroup section */

/* Begin PBXNativeTarget section */
		1E99DA2E1CD16DCC0027262E /* Luis Trucking */ = {
			isa = PBXNativeTarget;
			buildConfigurationList = 1E99DA571CD16DCC0027262E /* Build configuration list for PBXNativeTarget "Luis Trucking" */;
			buildPhases = (
				ABF03245C8160EC046D9FBFB /* Check Pods Manifest.lock */,
				1E99DA2B1CD16DCC0027262E /* Sources */,
				1E99DA2C1CD16DCC0027262E /* Frameworks */,
				1E99DA2D1CD16DCC0027262E /* Resources */,
				B1A6C373A927573D75EB9CF5 /* Embed Pods Frameworks */,
				ABC027239D9E02DE245ECBC5 /* Copy Pods Resources */,
			);
			buildRules = (
			);
			dependencies = (
			);
			name = "Luis Trucking";
			productName = "Luis Trucking";
			productReference = 1E99DA2F1CD16DCC0027262E /* Luis Trucking.app */;
			productType = "com.apple.product-type.application";
		};
		1E99DA421CD16DCC0027262E /* Luis TruckingTests */ = {
			isa = PBXNativeTarget;
			buildConfigurationList = 1E99DA5A1CD16DCC0027262E /* Build configuration list for PBXNativeTarget "Luis TruckingTests" */;
			buildPhases = (
				1E99DA3F1CD16DCC0027262E /* Sources */,
				1E99DA401CD16DCC0027262E /* Frameworks */,
				1E99DA411CD16DCC0027262E /* Resources */,
			);
			buildRules = (
			);
			dependencies = (
				1E99DA451CD16DCC0027262E /* PBXTargetDependency */,
			);
			name = "Luis TruckingTests";
			productName = "Luis TruckingTests";
			productReference = 1E99DA431CD16DCC0027262E /* Luis TruckingTests.xctest */;
			productType = "com.apple.product-type.bundle.unit-test";
		};
		1E99DA4D1CD16DCC0027262E /* Luis TruckingUITests */ = {
			isa = PBXNativeTarget;
			buildConfigurationList = 1E99DA5D1CD16DCC0027262E /* Build configuration list for PBXNativeTarget "Luis TruckingUITests" */;
			buildPhases = (
				1E99DA4A1CD16DCC0027262E /* Sources */,
				1E99DA4B1CD16DCC0027262E /* Frameworks */,
				1E99DA4C1CD16DCC0027262E /* Resources */,
			);
			buildRules = (
			);
			dependencies = (
				1E99DA501CD16DCC0027262E /* PBXTargetDependency */,
			);
			name = "Luis TruckingUITests";
			productName = "Luis TruckingUITests";
			productReference = 1E99DA4E1CD16DCC0027262E /* Luis TruckingUITests.xctest */;
			productType = "com.apple.product-type.bundle.ui-testing";
		};
/* End PBXNativeTarget section */

/* Begin PBXProject section */
		1E99DA271CD16DCC0027262E /* Project object */ = {
			isa = PBXProject;
			attributes = {
				LastSwiftUpdateCheck = 0730;
				LastUpgradeCheck = 0730;
				ORGANIZATIONNAME = "Luis Trucking";
				TargetAttributes = {
					1E99DA2E1CD16DCC0027262E = {
						CreatedOnToolsVersion = 7.3;
						DevelopmentTeam = A26SYPNZ54;
					};
					1E99DA421CD16DCC0027262E = {
						CreatedOnToolsVersion = 7.3;
						TestTargetID = 1E99DA2E1CD16DCC0027262E;
					};
					1E99DA4D1CD16DCC0027262E = {
						CreatedOnToolsVersion = 7.3;
						TestTargetID = 1E99DA2E1CD16DCC0027262E;
					};
				};
			};
			buildConfigurationList = 1E99DA2A1CD16DCC0027262E /* Build configuration list for PBXProject "Luis Trucking" */;
			compatibilityVersion = "Xcode 3.2";
			developmentRegion = English;
			hasScannedForEncodings = 0;
			knownRegions = (
				en,
				Base,
			);
			mainGroup = 1E99DA261CD16DCC0027262E;
			productRefGroup = 1E99DA301CD16DCC0027262E /* Products */;
			projectDirPath = "";
			projectRoot = "";
			targets = (
				1E99DA2E1CD16DCC0027262E /* Luis Trucking */,
				1E99DA421CD16DCC0027262E /* Luis TruckingTests */,
				1E99DA4D1CD16DCC0027262E /* Luis TruckingUITests */,
			);
		};
/* End PBXProject section */

/* Begin PBXResourcesBuildPhase section */
		1E99DA2D1CD16DCC0027262E /* Resources */ = {
			isa = PBXResourcesBuildPhase;
			buildActionMask = 2147483647;
			files = (
				1E35BEAB1CD1731300D2290C /* RobotoSlab-Regular.ttf in Resources */,
				1E99DA3D1CD16DCC0027262E /* LaunchScreen.storyboard in Resources */,
				1E35BEA81CD1731300D2290C /* RobotoSlab-Thin.ttf in Resources */,
				1E02F4731CD181A200C4B742 /* Main.storyboard in Resources */,
				1E35BEAA1CD1731300D2290C /* RobotoSlab-Bold.ttf in Resources */,
				1E35BEA91CD1731300D2290C /* RobotoSlab-Light.ttf in Resources */,
				1E99DA3A1CD16DCC0027262E /* Assets.xcassets in Resources */,
				1E35BEA71CD1731300D2290C /* IMG_1654.png in Resources */,
			);
			runOnlyForDeploymentPostprocessing = 0;
		};
		1E99DA411CD16DCC0027262E /* Resources */ = {
			isa = PBXResourcesBuildPhase;
			buildActionMask = 2147483647;
			files = (
			);
			runOnlyForDeploymentPostprocessing = 0;
		};
		1E99DA4C1CD16DCC0027262E /* Resources */ = {
			isa = PBXResourcesBuildPhase;
			buildActionMask = 2147483647;
			files = (
			);
			runOnlyForDeploymentPostprocessing = 0;
		};
/* End PBXResourcesBuildPhase section */

/* Begin PBXShellScriptBuildPhase section */
		ABC027239D9E02DE245ECBC5 /* Copy Pods Resources */ = {
			isa = PBXShellScriptBuildPhase;
			buildActionMask = 2147483647;
			files = (
			);
			inputPaths = (
			);
			name = "Copy Pods Resources";
			outputPaths = (
			);
			runOnlyForDeploymentPostprocessing = 0;
			shellPath = /bin/sh;
			shellScript = "\"${SRCROOT}/Pods/Target Support Files/Pods/Pods-resources.sh\"\n";
			showEnvVarsInLog = 0;
		};
		ABF03245C8160EC046D9FBFB /* Check Pods Manifest.lock */ = {
			isa = PBXShellScriptBuildPhase;
			buildActionMask = 2147483647;
			files = (
			);
			inputPaths = (
			);
			name = "Check Pods Manifest.lock";
			outputPaths = (
			);
			runOnlyForDeploymentPostprocessing = 0;
			shellPath = /bin/sh;
			shellScript = "diff \"${PODS_ROOT}/../Podfile.lock\" \"${PODS_ROOT}/Manifest.lock\" > /dev/null\nif [[ $? != 0 ]] ; then\n    cat << EOM\nerror: The sandbox is not in sync with the Podfile.lock. Run 'pod install' or update your CocoaPods installation.\nEOM\n    exit 1\nfi\n";
			showEnvVarsInLog = 0;
		};
		B1A6C373A927573D75EB9CF5 /* Embed Pods Frameworks */ = {
			isa = PBXShellScriptBuildPhase;
			buildActionMask = 2147483647;
			files = (
			);
			inputPaths = (
			);
			name = "Embed Pods Frameworks";
			outputPaths = (
			);
			runOnlyForDeploymentPostprocessing = 0;
			shellPath = /bin/sh;
			shellScript = "\"${SRCROOT}/Pods/Target Support Files/Pods/Pods-frameworks.sh\"\n";
			showEnvVarsInLog = 0;
		};
/* End PBXShellScriptBuildPhase section */

/* Begin PBXSourcesBuildPhase section */
		1E99DA2B1CD16DCC0027262E /* Sources */ = {
			isa = PBXSourcesBuildPhase;
			buildActionMask = 2147483647;
			files = (
				1EF3F18C1CD41D8900DC82FD /* DataPull.swift in Sources */,
				1E52BB391CD7ECEA00C1959D /* ViewControllerExpense.swift in Sources */,
				1E35BEB51CD1737700D2290C /* ViewController.swift in Sources */,
				1E35BEB41CD1737700D2290C /* AppDelegate.swift in Sources */,
				1E433F801CD2270D008D2A9E /* ViewControllerFormM.swift in Sources */,
				1E35BEC01CD1767000D2290C /* ViewControllerForm.swift in Sources */,
				1E35BEB31CD1737700D2290C /* TicketModel.swift in Sources */,
				1EF3F18A1CD3FAC200DC82FD /* ViewControllerTicketSubmit.swift in Sources */,
				1E35BEB61CD1737700D2290C /* ViewControllerHome.swift in Sources */,
			);
			runOnlyForDeploymentPostprocessing = 0;
		};
		1E99DA3F1CD16DCC0027262E /* Sources */ = {
			isa = PBXSourcesBuildPhase;
			buildActionMask = 2147483647;
			files = (
				1E99DA481CD16DCC0027262E /* Luis_TruckingTests.swift in Sources */,
			);
			runOnlyForDeploymentPostprocessing = 0;
		};
		1E99DA4A1CD16DCC0027262E /* Sources */ = {
			isa = PBXSourcesBuildPhase;
			buildActionMask = 2147483647;
			files = (
				1E99DA531CD16DCC0027262E /* Luis_TruckingUITests.swift in Sources */,
			);
			runOnlyForDeploymentPostprocessing = 0;
		};
/* End PBXSourcesBuildPhase section */

/* Begin PBXTargetDependency section */
		1E99DA451CD16DCC0027262E /* PBXTargetDependency */ = {
			isa = PBXTargetDependency;
			target = 1E99DA2E1CD16DCC0027262E /* Luis Trucking */;
			targetProxy = 1E99DA441CD16DCC0027262E /* PBXContainerItemProxy */;
		};
		1E99DA501CD16DCC0027262E /* PBXTargetDependency */ = {
			isa = PBXTargetDependency;
			target = 1E99DA2E1CD16DCC0027262E /* Luis Trucking */;
			targetProxy = 1E99DA4F1CD16DCC0027262E /* PBXContainerItemProxy */;
		};
/* End PBXTargetDependency section */

/* Begin PBXVariantGroup section */
		1E99DA3B1CD16DCC0027262E /* LaunchScreen.storyboard */ = {
			isa = PBXVariantGroup;
			children = (
				1E99DA3C1CD16DCC0027262E /* Base */,
			);
			name = LaunchScreen.storyboard;
			sourceTree = "<group>";
		};
/* End PBXVariantGroup section */

/* Begin XCBuildConfiguration section */
		1E99DA551CD16DCC0027262E /* Debug */ = {
			isa = XCBuildConfiguration;
			buildSettings = {
				ALWAYS_SEARCH_USER_PATHS = NO;
				CLANG_ANALYZER_NONNULL = YES;
				CLANG_CXX_LANGUAGE_STANDARD = "gnu++0x";
				CLANG_CXX_LIBRARY = "libc++";
				CLANG_ENABLE_MODULES = YES;
				CLANG_ENABLE_OBJC_ARC = YES;
				CLANG_WARN_BOOL_CONVERSION = YES;
				CLANG_WARN_CONSTANT_CONVERSION = YES;
				CLANG_WARN_DIRECT_OBJC_ISA_USAGE = YES_ERROR;
				CLANG_WARN_EMPTY_BODY = YES;
				CLANG_WARN_ENUM_CONVERSION = YES;
				CLANG_WARN_INT_CONVERSION = YES;
				CLANG_WARN_OBJC_ROOT_CLASS = YES_ERROR;
				CLANG_WARN_UNREACHABLE_CODE = YES;
				CLANG_WARN__DUPLICATE_METHOD_MATCH = YES;
				"CODE_SIGN_IDENTITY[sdk=iphoneos*]" = "iPhone Developer";
				COPY_PHASE_STRIP = NO;
				DEBUG_INFORMATION_FORMAT = dwarf;
				ENABLE_STRICT_OBJC_MSGSEND = YES;
				ENABLE_TESTABILITY = YES;
				GCC_C_LANGUAGE_STANDARD = gnu99;
				GCC_DYNAMIC_NO_PIC = NO;
				GCC_NO_COMMON_BLOCKS = YES;
				GCC_OPTIMIZATION_LEVEL = 0;
				GCC_PREPROCESSOR_DEFINITIONS = (
					"DEBUG=1",
					"$(inherited)",
				);
				GCC_WARN_64_TO_32_BIT_CONVERSION = YES;
				GCC_WARN_ABOUT_RETURN_TYPE = YES_ERROR;
				GCC_WARN_UNDECLARED_SELECTOR = YES;
				GCC_WARN_UNINITIALIZED_AUTOS = YES_AGGRESSIVE;
				GCC_WARN_UNUSED_FUNCTION = YES;
				GCC_WARN_UNUSED_VARIABLE = YES;
				IPHONEOS_DEPLOYMENT_TARGET = 9.3;
				MTL_ENABLE_DEBUG_INFO = YES;
				ONLY_ACTIVE_ARCH = YES;
				SDKROOT = iphoneos;
				SWIFT_OPTIMIZATION_LEVEL = "-Onone";
			};
			name = Debug;
		};
		1E99DA561CD16DCC0027262E /* Release */ = {
			isa = XCBuildConfiguration;
			buildSettings = {
				ALWAYS_SEARCH_USER_PATHS = NO;
				CLANG_ANALYZER_NONNULL = YES;
				CLANG_CXX_LANGUAGE_STANDARD = "gnu++0x";
				CLANG_CXX_LIBRARY = "libc++";
				CLANG_ENABLE_MODULES = YES;
				CLANG_ENABLE_OBJC_ARC = YES;
				CLANG_WARN_BOOL_CONVERSION = YES;
				CLANG_WARN_CONSTANT_CONVERSION = YES;
				CLANG_WARN_DIRECT_OBJC_ISA_USAGE = YES_ERROR;
				CLANG_WARN_EMPTY_BODY = YES;
				CLANG_WARN_ENUM_CONVERSION = YES;
				CLANG_WARN_INT_CONVERSION = YES;
				CLANG_WARN_OBJC_ROOT_CLASS = YES_ERROR;
				CLANG_WARN_UNREACHABLE_CODE = YES;
				CLANG_WARN__DUPLICATE_METHOD_MATCH = YES;
				"CODE_SIGN_IDENTITY[sdk=iphoneos*]" = "iPhone Developer";
				COPY_PHASE_STRIP = NO;
				DEBUG_INFORMATION_FORMAT = "dwarf-with-dsym";
				ENABLE_NS_ASSERTIONS = NO;
				ENABLE_STRICT_OBJC_MSGSEND = YES;
				GCC_C_LANGUAGE_STANDARD = gnu99;
				GCC_NO_COMMON_BLOCKS = YES;
				GCC_WARN_64_TO_32_BIT_CONVERSION = YES;
				GCC_WARN_ABOUT_RETURN_TYPE = YES_ERROR;
				GCC_WARN_UNDECLARED_SELECTOR = YES;
				GCC_WARN_UNINITIALIZED_AUTOS = YES_AGGRESSIVE;
				GCC_WARN_UNUSED_FUNCTION = YES;
				GCC_WARN_UNUSED_VARIABLE = YES;
				IPHONEOS_DEPLOYMENT_TARGET = 9.3;
				MTL_ENABLE_DEBUG_INFO = NO;
				SDKROOT = iphoneos;
				VALIDATE_PRODUCT = YES;
			};
			name = Release;
		};
		1E99DA581CD16DCC0027262E /* Debug */ = {
			isa = XCBuildConfiguration;
			baseConfigurationReference = 042A96052C6F8ADEF67C4325 /* Pods.debug.xcconfig */;
			buildSettings = {
				ASSETCATALOG_COMPILER_APPICON_NAME = AppIcon;
				CLANG_ENABLE_MODULES = YES;
				CODE_SIGN_IDENTITY = "iPhone Developer";
				"CODE_SIGN_IDENTITY[sdk=iphoneos*]" = "iPhone Developer";
				INFOPLIST_FILE = "Luis Trucking/Info.plist";
				LD_RUNPATH_SEARCH_PATHS = "$(inherited) @executable_path/Frameworks";
				PRODUCT_BUNDLE_IDENTIFIER = "com.luistrucking.Luis-Trucking";
				PRODUCT_NAME = "$(TARGET_NAME)";
				PROVISIONING_PROFILE = "";
				SWIFT_OPTIMIZATION_LEVEL = "-Onone";
			};
			name = Debug;
		};
		1E99DA591CD16DCC0027262E /* Release */ = {
			isa = XCBuildConfiguration;
			baseConfigurationReference = A75CD4416362B08595EFDB7E /* Pods.release.xcconfig */;
			buildSettings = {
				ASSETCATALOG_COMPILER_APPICON_NAME = AppIcon;
				CLANG_ENABLE_MODULES = YES;
				CODE_SIGN_IDENTITY = "iPhone Developer";
				"CODE_SIGN_IDENTITY[sdk=iphoneos*]" = "iPhone Developer";
				INFOPLIST_FILE = "Luis Trucking/Info.plist";
				LD_RUNPATH_SEARCH_PATHS = "$(inherited) @executable_path/Frameworks";
				PRODUCT_BUNDLE_IDENTIFIER = "com.luistrucking.Luis-Trucking";
				PRODUCT_NAME = "$(TARGET_NAME)";
				PROVISIONING_PROFILE = "";
			};
			name = Release;
		};
		1E99DA5B1CD16DCC0027262E /* Debug */ = {
			isa = XCBuildConfiguration;
			buildSettings = {
				BUNDLE_LOADER = "$(TEST_HOST)";
				INFOPLIST_FILE = "Luis TruckingTests/Info.plist";
				LD_RUNPATH_SEARCH_PATHS = "$(inherited) @executable_path/Frameworks @loader_path/Frameworks";
				PRODUCT_BUNDLE_IDENTIFIER = "com.luistrucking.Luis-TruckingTests";
				PRODUCT_NAME = "$(TARGET_NAME)";
				TEST_HOST = "$(BUILT_PRODUCTS_DIR)/Luis Trucking.app/Luis Trucking";
			};
			name = Debug;
		};
		1E99DA5C1CD16DCC0027262E /* Release */ = {
			isa = XCBuildConfiguration;
			buildSettings = {
				BUNDLE_LOADER = "$(TEST_HOST)";
				INFOPLIST_FILE = "Luis TruckingTests/Info.plist";
				LD_RUNPATH_SEARCH_PATHS = "$(inherited) @executable_path/Frameworks @loader_path/Frameworks";
				PRODUCT_BUNDLE_IDENTIFIER = "com.luistrucking.Luis-TruckingTests";
				PRODUCT_NAME = "$(TARGET_NAME)";
				TEST_HOST = "$(BUILT_PRODUCTS_DIR)/Luis Trucking.app/Luis Trucking";
			};
			name = Release;
		};
		1E99DA5E1CD16DCC0027262E /* Debug */ = {
			isa = XCBuildConfiguration;
			buildSettings = {
				INFOPLIST_FILE = "Luis TruckingUITests/Info.plist";
				LD_RUNPATH_SEARCH_PATHS = "$(inherited) @executable_path/Frameworks @loader_path/Frameworks";
				PRODUCT_BUNDLE_IDENTIFIER = "com.luistrucking.Luis-TruckingUITests";
				PRODUCT_NAME = "$(TARGET_NAME)";
				TEST_TARGET_NAME = "Luis Trucking";
			};
			name = Debug;
		};
		1E99DA5F1CD16DCC0027262E /* Release */ = {
			isa = XCBuildConfiguration;
			buildSettings = {
				INFOPLIST_FILE = "Luis TruckingUITests/Info.plist";
				LD_RUNPATH_SEARCH_PATHS = "$(inherited) @executable_path/Frameworks @loader_path/Frameworks";
				PRODUCT_BUNDLE_IDENTIFIER = "com.luistrucking.Luis-TruckingUITests";
				PRODUCT_NAME = "$(TARGET_NAME)";
				TEST_TARGET_NAME = "Luis Trucking";
			};
			name = Release;
		};
/* End XCBuildConfiguration section */

/* Begin XCConfigurationList section */
		1E99DA2A1CD16DCC0027262E /* Build configuration list for PBXProject "Luis Trucking" */ = {
			isa = XCConfigurationList;
			buildConfigurations = (
				1E99DA551CD16DCC0027262E /* Debug */,
				1E99DA561CD16DCC0027262E /* Release */,
			);
			defaultConfigurationIsVisible = 0;
			defaultConfigurationName = Release;
		};
		1E99DA571CD16DCC0027262E /* Build configuration list for PBXNativeTarget "Luis Trucking" */ = {
			isa = XCConfigurationList;
			buildConfigurations = (
				1E99DA581CD16DCC0027262E /* Debug */,
				1E99DA591CD16DCC0027262E /* Release */,
			);
			defaultConfigurationIsVisible = 0;
			defaultConfigurationName = Release;
		};
		1E99DA5A1CD16DCC0027262E /* Build configuration list for PBXNativeTarget "Luis TruckingTests" */ = {
			isa = XCConfigurationList;
			buildConfigurations = (
				1E99DA5B1CD16DCC0027262E /* Debug */,
				1E99DA5C1CD16DCC0027262E /* Release */,
			);
			defaultConfigurationIsVisible = 0;
			defaultConfigurationName = Release;
		};
		1E99DA5D1CD16DCC0027262E /* Build configuration list for PBXNativeTarget "Luis TruckingUITests" */ = {
			isa = XCConfigurationList;
			buildConfigurations = (
				1E99DA5E1CD16DCC0027262E /* Debug */,
				1E99DA5F1CD16DCC0027262E /* Release */,
			);
			defaultConfigurationIsVisible = 0;
			defaultConfigurationName = Release;
		};
/* End XCConfigurationList section */
	};
	rootObject = 1E99DA271CD16DCC0027262E /* Project object */;
}
